
Microsoft Visual Studio Solution File, Format Version 12.00
# Visual Studio Version 16
VisualStudioVersion = 16.0.30011.22
MinimumVisualStudioVersion = 10.0.40219.1
Project("{FAE04EC0-301F-11D3-BF4B-00C04F79EFBC}") = "Blog", "Blog\Blog.csproj", "{6F6F4DCE-E8AB-4F96-9DD0-9A13D0C08E6D}"
EndProject
Global
	GlobalSection(SolutionConfigurationPlatforms) = preSolution
		Debug|Any CPU = Debug|Any CPU
		Release|Any CPU = Release|Any CPU
	EndGlobalSection
	GlobalSection(ProjectConfigurationPlatforms) = postSolution
		{6F6F4DCE-E8AB-4F96-9DD0-9A13D0C08E6D}.Debug|Any CPU.ActiveCfg = Debug|Any CPU
		{6F6F4DCE-E8AB-4F96-9DD0-9A13D0C08E6D}.Debug|Any CPU.Build.0 = Debug|Any CPU
		{6F6F4DCE-E8AB-4F96-9DD0-9A13D0C08E6D}.Release|Any CPU.ActiveCfg = Release|Any CPU
		{6F6F4DCE-E8AB-4F96-9DD0-9A13D0C08E6D}.Release|Any CPU.Build.0 = Release|Any CPU
	EndGlobalSection
	GlobalSection(SolutionProperties) = preSolution
		HideSolutionNode = FALSE
	EndGlobalSection
	GlobalSection(ExtensibilityGlobals) = postSolution
		SolutionGuid = {FD706638-235B-4D97-A581-FCE15FDBD225}
	EndGlobalSection
EndGlobal
